
Microsoft Visual Studio Solution File, Format Version 12.00
# Visual Studio 15
VisualStudioVersion = 15.0.28010.2046
MinimumVisualStudioVersion = 10.0.40219.1
Project("{8BC9CEB8-8B4A-11D0-8D11-00A0C91BC942}") = "Juez 2.39", "Juez 2.39\Juez 2.39.vcxproj", "{566EF7BC-EF1B-4906-99ED-0F398A795BCC}"
EndProject
Project("{8BC9CEB8-8B4A-11D0-8D11-00A0C91BC942}") = "Juez 2.34", "..\Juez 2.34\Juez 2.34\Juez 2.34.vcxproj", "{C8ECE911-E2AF-4F58-8A26-8EB00CD9014D}"
EndProject
Global
	GlobalSection(SolutionConfigurationPlatforms) = preSolution
		Debug|x64 = Debug|x64
		Debug|x86 = Debug|x86
		Release|x64 = Release|x64
		Release|x86 = Release|x86
	EndGlobalSection
	GlobalSection(ProjectConfigurationPlatforms) = postSolution
		{566EF7BC-EF1B-4906-99ED-0F398A795BCC}.Debug|x64.ActiveCfg = Debug|x64
		{566EF7BC-EF1B-4906-99ED-0F398A795BCC}.Debug|x64.Build.0 = Debug|x64
		{566EF7BC-EF1B-4906-99ED-0F398A795BCC}.Debug|x86.ActiveCfg = Debug|Win32
		{566EF7BC-EF1B-4906-99ED-0F398A795BCC}.Debug|x86.Build.0 = Debug|Win32
		{566EF7BC-EF1B-4906-99ED-0F398A795BCC}.Release|x64.ActiveCfg = Release|x64
		{566EF7BC-EF1B-4906-99ED-0F398A795BCC}.Release|x64.Build.0 = Release|x64
		{566EF7BC-EF1B-4906-99ED-0F398A795BCC}.Release|x86.ActiveCfg = Release|Win32
		{566EF7BC-EF1B-4906-99ED-0F398A795BCC}.Release|x86.Build.0 = Release|Win32
		{C8ECE911-E2AF-4F58-8A26-8EB00CD9014D}.Debug|x64.ActiveCfg = Debug|x64
		{C8ECE911-E2AF-4F58-8A26-8EB00CD9014D}.Debug|x64.Build.0 = Debug|x64
		{C8ECE911-E2AF-4F58-8A26-8EB00CD9014D}.Debug|x86.ActiveCfg = Debug|Win32
		{C8ECE911-E2AF-4F58-8A26-8EB00CD9014D}.Debug|x86.Build.0 = Debug|Win32
		{C8ECE911-E2AF-4F58-8A26-8EB00CD9014D}.Release|x64.ActiveCfg = Release|x64
		{C8ECE911-E2AF-4F58-8A26-8EB00CD9014D}.Release|x64.Build.0 = Release|x64
		{C8ECE911-E2AF-4F58-8A26-8EB00CD9014D}.Release|x86.ActiveCfg = Release|Win32
		{C8ECE911-E2AF-4F58-8A26-8EB00CD9014D}.Release|x86.Build.0 = Release|Win32
	EndGlobalSection
	GlobalSection(SolutionProperties) = preSolution
		HideSolutionNode = FALSE
	EndGlobalSection
	GlobalSection(ExtensibilityGlobals) = postSolution
		SolutionGuid = {29151528-80F8-4CCF-B743-16A589FA2735}
	EndGlobalSection
EndGlobal
