
Microsoft Visual Studio Solution File, Format Version 12.00
# Visual Studio 15
VisualStudioVersion = 15.0.28307.421
MinimumVisualStudioVersion = 10.0.40219.1
Project("{8BC9CEB8-8B4A-11D0-8D11-00A0C91BC942}") = "Juez 2.31", "Juez 2.31\Juez 2.31.vcxproj", "{C9A8319C-925A-47A6-B4CF-A92F37041F8F}"
EndProject
Global
	GlobalSection(SolutionConfigurationPlatforms) = preSolution
		Debug|x64 = Debug|x64
		Debug|x86 = Debug|x86
		Release|x64 = Release|x64
		Release|x86 = Release|x86
	EndGlobalSection
	GlobalSection(ProjectConfigurationPlatforms) = postSolution
		{C9A8319C-925A-47A6-B4CF-A92F37041F8F}.Debug|x64.ActiveCfg = Debug|x64
		{C9A8319C-925A-47A6-B4CF-A92F37041F8F}.Debug|x64.Build.0 = Debug|x64
		{C9A8319C-925A-47A6-B4CF-A92F37041F8F}.Debug|x86.ActiveCfg = Debug|Win32
		{C9A8319C-925A-47A6-B4CF-A92F37041F8F}.Debug|x86.Build.0 = Debug|Win32
		{C9A8319C-925A-47A6-B4CF-A92F37041F8F}.Release|x64.ActiveCfg = Release|x64
		{C9A8319C-925A-47A6-B4CF-A92F37041F8F}.Release|x64.Build.0 = Release|x64
		{C9A8319C-925A-47A6-B4CF-A92F37041F8F}.Release|x86.ActiveCfg = Release|Win32
		{C9A8319C-925A-47A6-B4CF-A92F37041F8F}.Release|x86.Build.0 = Release|Win32
	EndGlobalSection
	GlobalSection(SolutionProperties) = preSolution
		HideSolutionNode = FALSE
	EndGlobalSection
	GlobalSection(ExtensibilityGlobals) = postSolution
		SolutionGuid = {3161EE9A-96EF-4D10-844A-9577ACFEC6EA}
	EndGlobalSection
EndGlobal
