
Microsoft Visual Studio Solution File, Format Version 12.00
# Visual Studio 15
VisualStudioVersion = 15.0.28010.2046
MinimumVisualStudioVersion = 10.0.40219.1
Project("{8BC9CEB8-8B4A-11D0-8D11-00A0C91BC942}") = "Juez27", "Juez27\Juez27.vcxproj", "{629D8465-F56F-47A1-8B02-67BF8E2D228A}"
EndProject
Global
	GlobalSection(SolutionConfigurationPlatforms) = preSolution
		Debug|x64 = Debug|x64
		Debug|x86 = Debug|x86
		Release|x64 = Release|x64
		Release|x86 = Release|x86
	EndGlobalSection
	GlobalSection(ProjectConfigurationPlatforms) = postSolution
		{629D8465-F56F-47A1-8B02-67BF8E2D228A}.Debug|x64.ActiveCfg = Debug|x64
		{629D8465-F56F-47A1-8B02-67BF8E2D228A}.Debug|x64.Build.0 = Debug|x64
		{629D8465-F56F-47A1-8B02-67BF8E2D228A}.Debug|x86.ActiveCfg = Debug|Win32
		{629D8465-F56F-47A1-8B02-67BF8E2D228A}.Debug|x86.Build.0 = Debug|Win32
		{629D8465-F56F-47A1-8B02-67BF8E2D228A}.Release|x64.ActiveCfg = Release|x64
		{629D8465-F56F-47A1-8B02-67BF8E2D228A}.Release|x64.Build.0 = Release|x64
		{629D8465-F56F-47A1-8B02-67BF8E2D228A}.Release|x86.ActiveCfg = Release|Win32
		{629D8465-F56F-47A1-8B02-67BF8E2D228A}.Release|x86.Build.0 = Release|Win32
	EndGlobalSection
	GlobalSection(SolutionProperties) = preSolution
		HideSolutionNode = FALSE
	EndGlobalSection
	GlobalSection(ExtensibilityGlobals) = postSolution
		SolutionGuid = {A2E790BA-2D01-4FE7-BBAF-D22AA02899D3}
	EndGlobalSection
EndGlobal
