
Microsoft Visual Studio Solution File, Format Version 12.00
# Visual Studio 15
VisualStudioVersion = 15.0.28010.2046
MinimumVisualStudioVersion = 10.0.40219.1
Project("{8BC9CEB8-8B4A-11D0-8D11-00A0C91BC942}") = "Juez 2.4", "Juez 2.4\Juez 2.4.vcxproj", "{4175F996-D894-4923-B4F2-C53B296C5D79}"
EndProject
Global
	GlobalSection(SolutionConfigurationPlatforms) = preSolution
		Debug|x64 = Debug|x64
		Debug|x86 = Debug|x86
		Release|x64 = Release|x64
		Release|x86 = Release|x86
	EndGlobalSection
	GlobalSection(ProjectConfigurationPlatforms) = postSolution
		{4175F996-D894-4923-B4F2-C53B296C5D79}.Debug|x64.ActiveCfg = Debug|x64
		{4175F996-D894-4923-B4F2-C53B296C5D79}.Debug|x64.Build.0 = Debug|x64
		{4175F996-D894-4923-B4F2-C53B296C5D79}.Debug|x86.ActiveCfg = Debug|Win32
		{4175F996-D894-4923-B4F2-C53B296C5D79}.Debug|x86.Build.0 = Debug|Win32
		{4175F996-D894-4923-B4F2-C53B296C5D79}.Release|x64.ActiveCfg = Release|x64
		{4175F996-D894-4923-B4F2-C53B296C5D79}.Release|x64.Build.0 = Release|x64
		{4175F996-D894-4923-B4F2-C53B296C5D79}.Release|x86.ActiveCfg = Release|Win32
		{4175F996-D894-4923-B4F2-C53B296C5D79}.Release|x86.Build.0 = Release|Win32
	EndGlobalSection
	GlobalSection(SolutionProperties) = preSolution
		HideSolutionNode = FALSE
	EndGlobalSection
	GlobalSection(ExtensibilityGlobals) = postSolution
		SolutionGuid = {EB30CB85-9DE1-44DA-8BB3-8D7BB76B88BB}
	EndGlobalSection
EndGlobal
