
Microsoft Visual Studio Solution File, Format Version 12.00
# Visual Studio 15
VisualStudioVersion = 15.0.28307.421
MinimumVisualStudioVersion = 10.0.40219.1
Project("{8BC9CEB8-8B4A-11D0-8D11-00A0C91BC942}") = "Juez 2.38", "Juez 2.38\Juez 2.38.vcxproj", "{1AF5DF86-DD1B-4670-8698-EBC090D9D43F}"
EndProject
Global
	GlobalSection(SolutionConfigurationPlatforms) = preSolution
		Debug|x64 = Debug|x64
		Debug|x86 = Debug|x86
		Release|x64 = Release|x64
		Release|x86 = Release|x86
	EndGlobalSection
	GlobalSection(ProjectConfigurationPlatforms) = postSolution
		{1AF5DF86-DD1B-4670-8698-EBC090D9D43F}.Debug|x64.ActiveCfg = Debug|x64
		{1AF5DF86-DD1B-4670-8698-EBC090D9D43F}.Debug|x64.Build.0 = Debug|x64
		{1AF5DF86-DD1B-4670-8698-EBC090D9D43F}.Debug|x86.ActiveCfg = Debug|Win32
		{1AF5DF86-DD1B-4670-8698-EBC090D9D43F}.Debug|x86.Build.0 = Debug|Win32
		{1AF5DF86-DD1B-4670-8698-EBC090D9D43F}.Release|x64.ActiveCfg = Release|x64
		{1AF5DF86-DD1B-4670-8698-EBC090D9D43F}.Release|x64.Build.0 = Release|x64
		{1AF5DF86-DD1B-4670-8698-EBC090D9D43F}.Release|x86.ActiveCfg = Release|Win32
		{1AF5DF86-DD1B-4670-8698-EBC090D9D43F}.Release|x86.Build.0 = Release|Win32
	EndGlobalSection
	GlobalSection(SolutionProperties) = preSolution
		HideSolutionNode = FALSE
	EndGlobalSection
	GlobalSection(ExtensibilityGlobals) = postSolution
		SolutionGuid = {83D7F99F-4BD0-41E9-AE00-7A68B97473A5}
	EndGlobalSection
EndGlobal
