
Microsoft Visual Studio Solution File, Format Version 12.00
# Visual Studio 15
VisualStudioVersion = 15.0.28010.2046
MinimumVisualStudioVersion = 10.0.40219.1
Project("{8BC9CEB8-8B4A-11D0-8D11-00A0C91BC942}") = "Juez15", "Juez15\Juez15.vcxproj", "{B1DAA740-D674-4AE8-831B-7B4CC01E3138}"
EndProject
Global
	GlobalSection(SolutionConfigurationPlatforms) = preSolution
		Debug|x64 = Debug|x64
		Debug|x86 = Debug|x86
		Release|x64 = Release|x64
		Release|x86 = Release|x86
	EndGlobalSection
	GlobalSection(ProjectConfigurationPlatforms) = postSolution
		{B1DAA740-D674-4AE8-831B-7B4CC01E3138}.Debug|x64.ActiveCfg = Debug|x64
		{B1DAA740-D674-4AE8-831B-7B4CC01E3138}.Debug|x64.Build.0 = Debug|x64
		{B1DAA740-D674-4AE8-831B-7B4CC01E3138}.Debug|x86.ActiveCfg = Debug|Win32
		{B1DAA740-D674-4AE8-831B-7B4CC01E3138}.Debug|x86.Build.0 = Debug|Win32
		{B1DAA740-D674-4AE8-831B-7B4CC01E3138}.Release|x64.ActiveCfg = Release|x64
		{B1DAA740-D674-4AE8-831B-7B4CC01E3138}.Release|x64.Build.0 = Release|x64
		{B1DAA740-D674-4AE8-831B-7B4CC01E3138}.Release|x86.ActiveCfg = Release|Win32
		{B1DAA740-D674-4AE8-831B-7B4CC01E3138}.Release|x86.Build.0 = Release|Win32
	EndGlobalSection
	GlobalSection(SolutionProperties) = preSolution
		HideSolutionNode = FALSE
	EndGlobalSection
	GlobalSection(ExtensibilityGlobals) = postSolution
		SolutionGuid = {E9103CF9-4D88-4188-8BF3-F52BFDBBB3B3}
	EndGlobalSection
EndGlobal
